
Microsoft Visual Studio Solution File, Format Version 12.00
# Visual Studio Version 17
VisualStudioVersion = 17.14.36401.2 d17.14
MinimumVisualStudioVersion = 10.0.40219.1
Project("{FAE04EC0-301F-11D3-BF4B-00C04F79EFBC}") = "AdventureWorks", "AdventureWorks\AdventureWorks.csproj", "{A1CC6E58-05CE-4F8E-AC31-7162B5825662}"
EndProject
Global
	GlobalSection(SolutionConfigurationPlatforms) = preSolution
		Debug|Any CPU = Debug|Any CPU
		Release|Any CPU = Release|Any CPU
	EndGlobalSection
	GlobalSection(ProjectConfigurationPlatforms) = postSolution
		{A1CC6E58-05CE-4F8E-AC31-7162B5825662}.Debug|Any CPU.ActiveCfg = Debug|Any CPU
		{A1CC6E58-05CE-4F8E-AC31-7162B5825662}.Debug|Any CPU.Build.0 = Debug|Any CPU
		{A1CC6E58-05CE-4F8E-AC31-7162B5825662}.Release|Any CPU.ActiveCfg = Release|Any CPU
		{A1CC6E58-05CE-4F8E-AC31-7162B5825662}.Release|Any CPU.Build.0 = Release|Any CPU
	EndGlobalSection
	GlobalSection(SolutionProperties) = preSolution
		HideSolutionNode = FALSE
	EndGlobalSection
	GlobalSection(ExtensibilityGlobals) = postSolution
		SolutionGuid = {AB1E1CAA-0BE0-4892-A46A-01AA760760D1}
	EndGlobalSection
EndGlobal
